
Microsoft Visual Studio Solution File, Format Version 12.00
# Visual Studio Version 17
VisualStudioVersion = 17.0.31903.59
MinimumVisualStudioVersion = 10.0.40219.1
Project("{2150E333-8FDC-42A3-9474-1A3956D46DE8}") = "src", "src", "{827E0CD3-B72D-47B6-A68D-7590B98EB39B}"
EndProject
Project("{FAE04EC0-301F-11D3-BF4B-00C04F79EFBC}") = "Tessitura.App", "src\Tessitura.App\Tessitura.App.csproj", "{743B3FAB-9530-493D-91C9-26E6A235612D}"
EndProject
Project("{FAE04EC0-301F-11D3-BF4B-00C04F79EFBC}") = "Tessitura.Rendering", "src\Tessitura.Rendering\Tessitura.Rendering.csproj", "{E5BE21C0-388F-4CC6-9C24-C733E68FB9DC}"
EndProject
Project("{FAE04EC0-301F-11D3-BF4B-00C04F79EFBC}") = "Tessitura.Engraving", "src\Tessitura.Engraving\Tessitura.Engraving.csproj", "{27F0A9CB-5305-4E84-9AB4-C256FF33DDF9}"
EndProject
Project("{FAE04EC0-301F-11D3-BF4B-00C04F79EFBC}") = "Tessitura.Core", "src\Tessitura.Core\Tessitura.Core.csproj", "{C6A83663-E557-4B16-AB70-6D00C32B3C81}"
EndProject
Project("{FAE04EC0-301F-11D3-BF4B-00C04F79EFBC}") = "Tessitura.Smufl", "src\Tessitura.Smufl\Tessitura.Smufl.csproj", "{06DEF19D-9CD9-45B7-A8FE-451FA04F99F5}"
EndProject
Project("{FAE04EC0-301F-11D3-BF4B-00C04F79EFBC}") = "Tessitura.Editing", "src\Tessitura.Editing\Tessitura.Editing.csproj", "{69E0FBC0-5B30-4C57-A5E9-CBA00C4746A7}"
EndProject
Project("{FAE04EC0-301F-11D3-BF4B-00C04F79EFBC}") = "Tessitura.Playback", "src\Tessitura.Playback\Tessitura.Playback.csproj", "{27561DD4-6343-48D1-B9C2-9FF15BBD580A}"
EndProject
Project("{FAE04EC0-301F-11D3-BF4B-00C04F79EFBC}") = "Tessitura.IO", "src\Tessitura.IO\Tessitura.IO.csproj", "{CA892E2C-379E-488F-A7DC-CF1E6C800D6A}"
EndProject
Project("{FAE04EC0-301F-11D3-BF4B-00C04F79EFBC}") = "Tessitura.Desktop", "src\Tessitura.Desktop\Tessitura.Desktop.csproj", "{8779A04B-D134-4FF5-BF3C-69F009199855}"
EndProject
Project("{2150E333-8FDC-42A3-9474-1A3956D46DE8}") = "tests", "tests", "{0AB3BF05-4346-4AA6-1389-037BE0695223}"
EndProject
Project("{FAE04EC0-301F-11D3-BF4B-00C04F79EFBC}") = "Tessitura.Benchmarks", "tests\Tessitura.Benchmarks\Tessitura.Benchmarks.csproj", "{C96344B7-CFE5-41B1-B65D-6C9D19C139BE}"
EndProject
Project("{FAE04EC0-301F-11D3-BF4B-00C04F79EFBC}") = "Tessitura.Core.Tests", "tests\Tessitura.Core.Tests\Tessitura.Core.Tests.csproj", "{7A14B90F-7366-4D91-9872-01EC49CC9ECD}"
EndProject
Project("{FAE04EC0-301F-11D3-BF4B-00C04F79EFBC}") = "Tessitura.Engraving.Tests", "tests\Tessitura.Engraving.Tests\Tessitura.Engraving.Tests.csproj", "{D0251425-F97D-4B1E-A5E4-E50F01110008}"
EndProject
Project("{FAE04EC0-301F-11D3-BF4B-00C04F79EFBC}") = "Tessitura.IO.Tests", "tests\Tessitura.IO.Tests\Tessitura.IO.Tests.csproj", "{7479662A-DB08-4C60-A163-2A415B13DFA0}"
EndProject
Global
	GlobalSection(SolutionConfigurationPlatforms) = preSolution
		Debug|Any CPU = Debug|Any CPU
		Debug|x64 = Debug|x64
		Debug|x86 = Debug|x86
		Release|Any CPU = Release|Any CPU
		Release|x64 = Release|x64
		Release|x86 = Release|x86
	EndGlobalSection
	GlobalSection(ProjectConfigurationPlatforms) = postSolution
		{743B3FAB-9530-493D-91C9-26E6A235612D}.Debug|Any CPU.ActiveCfg = Debug|Any CPU
		{743B3FAB-9530-493D-91C9-26E6A235612D}.Debug|Any CPU.Build.0 = Debug|Any CPU
		{743B3FAB-9530-493D-91C9-26E6A235612D}.Debug|x64.ActiveCfg = Debug|Any CPU
		{743B3FAB-9530-493D-91C9-26E6A235612D}.Debug|x64.Build.0 = Debug|Any CPU
		{743B3FAB-9530-493D-91C9-26E6A235612D}.Debug|x86.ActiveCfg = Debug|Any CPU
		{743B3FAB-9530-493D-91C9-26E6A235612D}.Debug|x86.Build.0 = Debug|Any CPU
		{743B3FAB-9530-493D-91C9-26E6A235612D}.Release|Any CPU.ActiveCfg = Release|Any CPU
		{743B3FAB-9530-493D-91C9-26E6A235612D}.Release|Any CPU.Build.0 = Release|Any CPU
		{743B3FAB-9530-493D-91C9-26E6A235612D}.Release|x64.ActiveCfg = Release|Any CPU
		{743B3FAB-9530-493D-91C9-26E6A235612D}.Release|x64.Build.0 = Release|Any CPU
		{743B3FAB-9530-493D-91C9-26E6A235612D}.Release|x86.ActiveCfg = Release|Any CPU
		{743B3FAB-9530-493D-91C9-26E6A235612D}.Release|x86.Build.0 = Release|Any CPU
		{E5BE21C0-388F-4CC6-9C24-C733E68FB9DC}.Debug|Any CPU.ActiveCfg = Debug|Any CPU
		{E5BE21C0-388F-4CC6-9C24-C733E68FB9DC}.Debug|Any CPU.Build.0 = Debug|Any CPU
		{E5BE21C0-388F-4CC6-9C24-C733E68FB9DC}.Debug|x64.ActiveCfg = Debug|Any CPU
		{E5BE21C0-388F-4CC6-9C24-C733E68FB9DC}.Debug|x64.Build.0 = Debug|Any CPU
		{E5BE21C0-388F-4CC6-9C24-C733E68FB9DC}.Debug|x86.ActiveCfg = Debug|Any CPU
		{E5BE21C0-388F-4CC6-9C24-C733E68FB9DC}.Debug|x86.Build.0 = Debug|Any CPU
		{E5BE21C0-388F-4CC6-9C24-C733E68FB9DC}.Release|Any CPU.ActiveCfg = Release|Any CPU
		{E5BE21C0-388F-4CC6-9C24-C733E68FB9DC}.Release|Any CPU.Build.0 = Release|Any CPU
		{E5BE21C0-388F-4CC6-9C24-C733E68FB9DC}.Release|x64.ActiveCfg = Release|Any CPU
		{E5BE21C0-388F-4CC6-9C24-C733E68FB9DC}.Release|x64.Build.0 = Release|Any CPU
		{E5BE21C0-388F-4CC6-9C24-C733E68FB9DC}.Release|x86.ActiveCfg = Release|Any CPU
		{E5BE21C0-388F-4CC6-9C24-C733E68FB9DC}.Release|x86.Build.0 = Release|Any CPU
		{27F0A9CB-5305-4E84-9AB4-C256FF33DDF9}.Debug|Any CPU.ActiveCfg = Debug|Any CPU
		{27F0A9CB-5305-4E84-9AB4-C256FF33DDF9}.Debug|Any CPU.Build.0 = Debug|Any CPU
		{27F0A9CB-5305-4E84-9AB4-C256FF33DDF9}.Debug|x64.ActiveCfg = Debug|Any CPU
		{27F0A9CB-5305-4E84-9AB4-C256FF33DDF9}.Debug|x64.Build.0 = Debug|Any CPU
		{27F0A9CB-5305-4E84-9AB4-C256FF33DDF9}.Debug|x86.ActiveCfg = Debug|Any CPU
		{27F0A9CB-5305-4E84-9AB4-C256FF33DDF9}.Debug|x86.Build.0 = Debug|Any CPU
		{27F0A9CB-5305-4E84-9AB4-C256FF33DDF9}.Release|Any CPU.ActiveCfg = Release|Any CPU
		{27F0A9CB-5305-4E84-9AB4-C256FF33DDF9}.Release|Any CPU.Build.0 = Release|Any CPU
		{27F0A9CB-5305-4E84-9AB4-C256FF33DDF9}.Release|x64.ActiveCfg = Release|Any CPU
		{27F0A9CB-5305-4E84-9AB4-C256FF33DDF9}.Release|x64.Build.0 = Release|Any CPU
		{27F0A9CB-5305-4E84-9AB4-C256FF33DDF9}.Release|x86.ActiveCfg = Release|Any CPU
		{27F0A9CB-5305-4E84-9AB4-C256FF33DDF9}.Release|x86.Build.0 = Release|Any CPU
		{C6A83663-E557-4B16-AB70-6D00C32B3C81}.Debug|Any CPU.ActiveCfg = Debug|Any CPU
		{C6A83663-E557-4B16-AB70-6D00C32B3C81}.Debug|Any CPU.Build.0 = Debug|Any CPU
		{C6A83663-E557-4B16-AB70-6D00C32B3C81}.Debug|x64.ActiveCfg = Debug|Any CPU
		{C6A83663-E557-4B16-AB70-6D00C32B3C81}.Debug|x64.Build.0 = Debug|Any CPU
		{C6A83663-E557-4B16-AB70-6D00C32B3C81}.Debug|x86.ActiveCfg = Debug|Any CPU
		{C6A83663-E557-4B16-AB70-6D00C32B3C81}.Debug|x86.Build.0 = Debug|Any CPU
		{C6A83663-E557-4B16-AB70-6D00C32B3C81}.Release|Any CPU.ActiveCfg = Release|Any CPU
		{C6A83663-E557-4B16-AB70-6D00C32B3C81}.Release|Any CPU.Build.0 = Release|Any CPU
		{C6A83663-E557-4B16-AB70-6D00C32B3C81}.Release|x64.ActiveCfg = Release|Any CPU
		{C6A83663-E557-4B16-AB70-6D00C32B3C81}.Release|x64.Build.0 = Release|Any CPU
		{C6A83663-E557-4B16-AB70-6D00C32B3C81}.Release|x86.ActiveCfg = Release|Any CPU
		{C6A83663-E557-4B16-AB70-6D00C32B3C81}.Release|x86.Build.0 = Release|Any CPU
		{06DEF19D-9CD9-45B7-A8FE-451FA04F99F5}.Debug|Any CPU.ActiveCfg = Debug|Any CPU
		{06DEF19D-9CD9-45B7-A8FE-451FA04F99F5}.Debug|Any CPU.Build.0 = Debug|Any CPU
		{06DEF19D-9CD9-45B7-A8FE-451FA04F99F5}.Debug|x64.ActiveCfg = Debug|Any CPU
		{06DEF19D-9CD9-45B7-A8FE-451FA04F99F5}.Debug|x64.Build.0 = Debug|Any CPU
		{06DEF19D-9CD9-45B7-A8FE-451FA04F99F5}.Debug|x86.ActiveCfg = Debug|Any CPU
		{06DEF19D-9CD9-45B7-A8FE-451FA04F99F5}.Debug|x86.Build.0 = Debug|Any CPU
		{06DEF19D-9CD9-45B7-A8FE-451FA04F99F5}.Release|Any CPU.ActiveCfg = Release|Any CPU
		{06DEF19D-9CD9-45B7-A8FE-451FA04F99F5}.Release|Any CPU.Build.0 = Release|Any CPU
		{06DEF19D-9CD9-45B7-A8FE-451FA04F99F5}.Release|x64.ActiveCfg = Release|Any CPU
		{06DEF19D-9CD9-45B7-A8FE-451FA04F99F5}.Release|x64.Build.0 = Release|Any CPU
		{06DEF19D-9CD9-45B7-A8FE-451FA04F99F5}.Release|x86.ActiveCfg = Release|Any CPU
		{06DEF19D-9CD9-45B7-A8FE-451FA04F99F5}.Release|x86.Build.0 = Release|Any CPU
		{69E0FBC0-5B30-4C57-A5E9-CBA00C4746A7}.Debug|Any CPU.ActiveCfg = Debug|Any CPU
		{69E0FBC0-5B30-4C57-A5E9-CBA00C4746A7}.Debug|Any CPU.Build.0 = Debug|Any CPU
		{69E0FBC0-5B30-4C57-A5E9-CBA00C4746A7}.Debug|x64.ActiveCfg = Debug|Any CPU
		{69E0FBC0-5B30-4C57-A5E9-CBA00C4746A7}.Debug|x64.Build.0 = Debug|Any CPU
		{69E0FBC0-5B30-4C57-A5E9-CBA00C4746A7}.Debug|x86.ActiveCfg = Debug|Any CPU
		{69E0FBC0-5B30-4C57-A5E9-CBA00C4746A7}.Debug|x86.Build.0 = Debug|Any CPU
		{69E0FBC0-5B30-4C57-A5E9-CBA00C4746A7}.Release|Any CPU.ActiveCfg = Release|Any CPU
		{69E0FBC0-5B30-4C57-A5E9-CBA00C4746A7}.Release|Any CPU.Build.0 = Release|Any CPU
		{69E0FBC0-5B30-4C57-A5E9-CBA00C4746A7}.Release|x64.ActiveCfg = Release|Any CPU
		{69E0FBC0-5B30-4C57-A5E9-CBA00C4746A7}.Release|x64.Build.0 = Release|Any CPU
		{69E0FBC0-5B30-4C57-A5E9-CBA00C4746A7}.Release|x86.ActiveCfg = Release|Any CPU
		{69E0FBC0-5B30-4C57-A5E9-CBA00C4746A7}.Release|x86.Build.0 = Release|Any CPU
		{27561DD4-6343-48D1-B9C2-9FF15BBD580A}.Debug|Any CPU.ActiveCfg = Debug|Any CPU
		{27561DD4-6343-48D1-B9C2-9FF15BBD580A}.Debug|Any CPU.Build.0 = Debug|Any CPU
		{27561DD4-6343-48D1-B9C2-9FF15BBD580A}.Debug|x64.ActiveCfg = Debug|Any CPU
		{27561DD4-6343-48D1-B9C2-9FF15BBD580A}.Debug|x64.Build.0 = Debug|Any CPU
		{27561DD4-6343-48D1-B9C2-9FF15BBD580A}.Debug|x86.ActiveCfg = Debug|Any CPU
		{27561DD4-6343-48D1-B9C2-9FF15BBD580A}.Debug|x86.Build.0 = Debug|Any CPU
		{27561DD4-6343-48D1-B9C2-9FF15BBD580A}.Release|Any CPU.ActiveCfg = Release|Any CPU
		{27561DD4-6343-48D1-B9C2-9FF15BBD580A}.Release|Any CPU.Build.0 = Release|Any CPU
		{27561DD4-6343-48D1-B9C2-9FF15BBD580A}.Release|x64.ActiveCfg = Release|Any CPU
		{27561DD4-6343-48D1-B9C2-9FF15BBD580A}.Release|x64.Build.0 = Release|Any CPU
		{27561DD4-6343-48D1-B9C2-9FF15BBD580A}.Release|x86.ActiveCfg = Release|Any CPU
		{27561DD4-6343-48D1-B9C2-9FF15BBD580A}.Release|x86.Build.0 = Release|Any CPU
		{CA892E2C-379E-488F-A7DC-CF1E6C800D6A}.Debug|Any CPU.ActiveCfg = Debug|Any CPU
		{CA892E2C-379E-488F-A7DC-CF1E6C800D6A}.Debug|Any CPU.Build.0 = Debug|Any CPU
		{CA892E2C-379E-488F-A7DC-CF1E6C800D6A}.Debug|x64.ActiveCfg = Debug|Any CPU
		{CA892E2C-379E-488F-A7DC-CF1E6C800D6A}.Debug|x64.Build.0 = Debug|Any CPU
		{CA892E2C-379E-488F-A7DC-CF1E6C800D6A}.Debug|x86.ActiveCfg = Debug|Any CPU
		{CA892E2C-379E-488F-A7DC-CF1E6C800D6A}.Debug|x86.Build.0 = Debug|Any CPU
		{CA892E2C-379E-488F-A7DC-CF1E6C800D6A}.Release|Any CPU.ActiveCfg = Release|Any CPU
		{CA892E2C-379E-488F-A7DC-CF1E6C800D6A}.Release|Any CPU.Build.0 = Release|Any CPU
		{CA892E2C-379E-488F-A7DC-CF1E6C800D6A}.Release|x64.ActiveCfg = Release|Any CPU
		{CA892E2C-379E-488F-A7DC-CF1E6C800D6A}.Release|x64.Build.0 = Release|Any CPU
		{CA892E2C-379E-488F-A7DC-CF1E6C800D6A}.Release|x86.ActiveCfg = Release|Any CPU
		{CA892E2C-379E-488F-A7DC-CF1E6C800D6A}.Release|x86.Build.0 = Release|Any CPU
		{8779A04B-D134-4FF5-BF3C-69F009199855}.Debug|Any CPU.ActiveCfg = Debug|Any CPU
		{8779A04B-D134-4FF5-BF3C-69F009199855}.Debug|Any CPU.Build.0 = Debug|Any CPU
		{8779A04B-D134-4FF5-BF3C-69F009199855}.Debug|x64.ActiveCfg = Debug|Any CPU
		{8779A04B-D134-4FF5-BF3C-69F009199855}.Debug|x64.Build.0 = Debug|Any CPU
		{8779A04B-D134-4FF5-BF3C-69F009199855}.Debug|x86.ActiveCfg = Debug|Any CPU
		{8779A04B-D134-4FF5-BF3C-69F009199855}.Debug|x86.Build.0 = Debug|Any CPU
		{8779A04B-D134-4FF5-BF3C-69F009199855}.Release|Any CPU.ActiveCfg = Release|Any CPU
		{8779A04B-D134-4FF5-BF3C-69F009199855}.Release|Any CPU.Build.0 = Release|Any CPU
		{8779A04B-D134-4FF5-BF3C-69F009199855}.Release|x64.ActiveCfg = Release|Any CPU
		{8779A04B-D134-4FF5-BF3C-69F009199855}.Release|x64.Build.0 = Release|Any CPU
		{8779A04B-D134-4FF5-BF3C-69F009199855}.Release|x86.ActiveCfg = Release|Any CPU
		{8779A04B-D134-4FF5-BF3C-69F009199855}.Release|x86.Build.0 = Release|Any CPU
		{C96344B7-CFE5-41B1-B65D-6C9D19C139BE}.Debug|Any CPU.ActiveCfg = Debug|Any CPU
		{C96344B7-CFE5-41B1-B65D-6C9D19C139BE}.Debug|Any CPU.Build.0 = Debug|Any CPU
		{C96344B7-CFE5-41B1-B65D-6C9D19C139BE}.Debug|x64.ActiveCfg = Debug|Any CPU
		{C96344B7-CFE5-41B1-B65D-6C9D19C139BE}.Debug|x64.Build.0 = Debug|Any CPU
		{C96344B7-CFE5-41B1-B65D-6C9D19C139BE}.Debug|x86.ActiveCfg = Debug|Any CPU
		{C96344B7-CFE5-41B1-B65D-6C9D19C139BE}.Debug|x86.Build.0 = Debug|Any CPU
		{C96344B7-CFE5-41B1-B65D-6C9D19C139BE}.Release|Any CPU.ActiveCfg = Release|Any CPU
		{C96344B7-CFE5-41B1-B65D-6C9D19C139BE}.Release|Any CPU.Build.0 = Release|Any CPU
		{C96344B7-CFE5-41B1-B65D-6C9D19C139BE}.Release|x64.ActiveCfg = Release|Any CPU
		{C96344B7-CFE5-41B1-B65D-6C9D19C139BE}.Release|x64.Build.0 = Release|Any CPU
		{C96344B7-CFE5-41B1-B65D-6C9D19C139BE}.Release|x86.ActiveCfg = Release|Any CPU
		{C96344B7-CFE5-41B1-B65D-6C9D19C139BE}.Release|x86.Build.0 = Release|Any CPU
		{7A14B90F-7366-4D91-9872-01EC49CC9ECD}.Debug|Any CPU.ActiveCfg = Debug|Any CPU
		{7A14B90F-7366-4D91-9872-01EC49CC9ECD}.Debug|Any CPU.Build.0 = Debug|Any CPU
		{7A14B90F-7366-4D91-9872-01EC49CC9ECD}.Debug|x64.ActiveCfg = Debug|Any CPU
		{7A14B90F-7366-4D91-9872-01EC49CC9ECD}.Debug|x64.Build.0 = Debug|Any CPU
		{7A14B90F-7366-4D91-9872-01EC49CC9ECD}.Debug|x86.ActiveCfg = Debug|Any CPU
		{7A14B90F-7366-4D91-9872-01EC49CC9ECD}.Debug|x86.Build.0 = Debug|Any CPU
		{7A14B90F-7366-4D91-9872-01EC49CC9ECD}.Release|Any CPU.ActiveCfg = Release|Any CPU
		{7A14B90F-7366-4D91-9872-01EC49CC9ECD}.Release|Any CPU.Build.0 = Release|Any CPU
		{7A14B90F-7366-4D91-9872-01EC49CC9ECD}.Release|x64.ActiveCfg = Release|Any CPU
		{7A14B90F-7366-4D91-9872-01EC49CC9ECD}.Release|x64.Build.0 = Release|Any CPU
		{7A14B90F-7366-4D91-9872-01EC49CC9ECD}.Release|x86.ActiveCfg = Release|Any CPU
		{7A14B90F-7366-4D91-9872-01EC49CC9ECD}.Release|x86.Build.0 = Release|Any CPU
		{D0251425-F97D-4B1E-A5E4-E50F01110008}.Debug|Any CPU.ActiveCfg = Debug|Any CPU
		{D0251425-F97D-4B1E-A5E4-E50F01110008}.Debug|Any CPU.Build.0 = Debug|Any CPU
		{D0251425-F97D-4B1E-A5E4-E50F01110008}.Debug|x64.ActiveCfg = Debug|Any CPU
		{D0251425-F97D-4B1E-A5E4-E50F01110008}.Debug|x64.Build.0 = Debug|Any CPU
		{D0251425-F97D-4B1E-A5E4-E50F01110008}.Debug|x86.ActiveCfg = Debug|Any CPU
		{D0251425-F97D-4B1E-A5E4-E50F01110008}.Debug|x86.Build.0 = Debug|Any CPU
		{D0251425-F97D-4B1E-A5E4-E50F01110008}.Release|Any CPU.ActiveCfg = Release|Any CPU
		{D0251425-F97D-4B1E-A5E4-E50F01110008}.Release|Any CPU.Build.0 = Release|Any CPU
		{D0251425-F97D-4B1E-A5E4-E50F01110008}.Release|x64.ActiveCfg = Release|Any CPU
		{D0251425-F97D-4B1E-A5E4-E50F01110008}.Release|x64.Build.0 = Release|Any CPU
		{D0251425-F97D-4B1E-A5E4-E50F01110008}.Release|x86.ActiveCfg = Release|Any CPU
		{D0251425-F97D-4B1E-A5E4-E50F01110008}.Release|x86.Build.0 = Release|Any CPU
		{7479662A-DB08-4C60-A163-2A415B13DFA0}.Debug|Any CPU.ActiveCfg = Debug|Any CPU
		{7479662A-DB08-4C60-A163-2A415B13DFA0}.Debug|Any CPU.Build.0 = Debug|Any CPU
		{7479662A-DB08-4C60-A163-2A415B13DFA0}.Debug|x64.ActiveCfg = Debug|Any CPU
		{7479662A-DB08-4C60-A163-2A415B13DFA0}.Debug|x64.Build.0 = Debug|Any CPU
		{7479662A-DB08-4C60-A163-2A415B13DFA0}.Debug|x86.ActiveCfg = Debug|Any CPU
		{7479662A-DB08-4C60-A163-2A415B13DFA0}.Debug|x86.Build.0 = Debug|Any CPU
		{7479662A-DB08-4C60-A163-2A415B13DFA0}.Release|Any CPU.ActiveCfg = Release|Any CPU
		{7479662A-DB08-4C60-A163-2A415B13DFA0}.Release|Any CPU.Build.0 = Release|Any CPU
		{7479662A-DB08-4C60-A163-2A415B13DFA0}.Release|x64.ActiveCfg = Release|Any CPU
		{7479662A-DB08-4C60-A163-2A415B13DFA0}.Release|x64.Build.0 = Release|Any CPU
		{7479662A-DB08-4C60-A163-2A415B13DFA0}.Release|x86.ActiveCfg = Release|Any CPU
		{7479662A-DB08-4C60-A163-2A415B13DFA0}.Release|x86.Build.0 = Release|Any CPU
	EndGlobalSection
	GlobalSection(SolutionProperties) = preSolution
		HideSolutionNode = FALSE
	EndGlobalSection
	GlobalSection(NestedProjects) = preSolution
		{743B3FAB-9530-493D-91C9-26E6A235612D} = {827E0CD3-B72D-47B6-A68D-7590B98EB39B}
		{E5BE21C0-388F-4CC6-9C24-C733E68FB9DC} = {827E0CD3-B72D-47B6-A68D-7590B98EB39B}
		{27F0A9CB-5305-4E84-9AB4-C256FF33DDF9} = {827E0CD3-B72D-47B6-A68D-7590B98EB39B}
		{C6A83663-E557-4B16-AB70-6D00C32B3C81} = {827E0CD3-B72D-47B6-A68D-7590B98EB39B}
		{06DEF19D-9CD9-45B7-A8FE-451FA04F99F5} = {827E0CD3-B72D-47B6-A68D-7590B98EB39B}
		{69E0FBC0-5B30-4C57-A5E9-CBA00C4746A7} = {827E0CD3-B72D-47B6-A68D-7590B98EB39B}
		{27561DD4-6343-48D1-B9C2-9FF15BBD580A} = {827E0CD3-B72D-47B6-A68D-7590B98EB39B}
		{CA892E2C-379E-488F-A7DC-CF1E6C800D6A} = {827E0CD3-B72D-47B6-A68D-7590B98EB39B}
		{8779A04B-D134-4FF5-BF3C-69F009199855} = {827E0CD3-B72D-47B6-A68D-7590B98EB39B}
		{C96344B7-CFE5-41B1-B65D-6C9D19C139BE} = {0AB3BF05-4346-4AA6-1389-037BE0695223}
		{7A14B90F-7366-4D91-9872-01EC49CC9ECD} = {0AB3BF05-4346-4AA6-1389-037BE0695223}
		{D0251425-F97D-4B1E-A5E4-E50F01110008} = {0AB3BF05-4346-4AA6-1389-037BE0695223}
		{7479662A-DB08-4C60-A163-2A415B13DFA0} = {0AB3BF05-4346-4AA6-1389-037BE0695223}
	EndGlobalSection
EndGlobal
